
Microsoft Visual Studio Solution File, Format Version 12.00
# Visual Studio 2012
Project("{FAE04EC0-301F-11D3-BF4B-00C04F79EFBC}") = "SitecoreSuperchargers.Historian.Media", "SitecoreSuperchargers.Historian.Media\SitecoreSuperchargers.Historian.Media.csproj", "{196851C6-F555-4551-92C8-53F70A25E647}"
EndProject
Project("{CAA73BB0-EF22-4D79-A57E-DF67B3BA9C80}") = "TDSMaster", "TDSMaster\TDSMaster.scproj", "{A2E32A06-E971-4AAC-BEDF-8500C97645C9}"
EndProject
Global
	GlobalSection(SolutionConfigurationPlatforms) = preSolution
		Debug|Any CPU = Debug|Any CPU
		Release|Any CPU = Release|Any CPU
	EndGlobalSection
	GlobalSection(ProjectConfigurationPlatforms) = postSolution
		{196851C6-F555-4551-92C8-53F70A25E647}.Debug|Any CPU.ActiveCfg = Debug|Any CPU
		{196851C6-F555-4551-92C8-53F70A25E647}.Debug|Any CPU.Build.0 = Debug|Any CPU
		{196851C6-F555-4551-92C8-53F70A25E647}.Release|Any CPU.ActiveCfg = Release|Any CPU
		{196851C6-F555-4551-92C8-53F70A25E647}.Release|Any CPU.Build.0 = Release|Any CPU
		{A2E32A06-E971-4AAC-BEDF-8500C97645C9}.Debug|Any CPU.ActiveCfg = Debug|Any CPU
		{A2E32A06-E971-4AAC-BEDF-8500C97645C9}.Debug|Any CPU.Build.0 = Debug|Any CPU
		{A2E32A06-E971-4AAC-BEDF-8500C97645C9}.Debug|Any CPU.Deploy.0 = Debug|Any CPU
		{A2E32A06-E971-4AAC-BEDF-8500C97645C9}.Release|Any CPU.ActiveCfg = Release|Any CPU
		{A2E32A06-E971-4AAC-BEDF-8500C97645C9}.Release|Any CPU.Build.0 = Release|Any CPU
		{A2E32A06-E971-4AAC-BEDF-8500C97645C9}.Release|Any CPU.Deploy.0 = Release|Any CPU
	EndGlobalSection
	GlobalSection(SolutionProperties) = preSolution
		HideSolutionNode = FALSE
	EndGlobalSection
EndGlobal
